
Microsoft Visual Studio Solution File, Format Version 12.00
# Visual Studio Version 17
VisualStudioVersion = 17.14.36429.23 d17.14
MinimumVisualStudioVersion = 10.0.40219.1
Project("{FAE04EC0-301F-11D3-BF4B-00C04F79EFBC}") = "EasyStay.Web", "EasyStay.Web\EasyStay.Web.csproj", "{3BCBA8B2-88C4-4E18-BE10-F13B5BA7D7F6}"
EndProject
Project("{FAE04EC0-301F-11D3-BF4B-00C04F79EFBC}") = "EasyStay.Domain", "EasyStay.Domain\EasyStay.Domain.csproj", "{B05F08C9-0372-426C-A5CE-D1D92F8F948A}"
EndProject
Project("{FAE04EC0-301F-11D3-BF4B-00C04F79EFBC}") = "EasyStay.Application", "EasyStay.Application\EasyStay.Application.csproj", "{E256D542-08E8-48CB-B5BE-C9B09F6C3461}"
EndProject
Project("{FAE04EC0-301F-11D3-BF4B-00C04F79EFBC}") = "EasyStay.Infrastructure", "EasyStay.Infrastructure\EasyStay.Infrastructure.csproj", "{F339D815-D804-4DA8-8EE7-2EDDE4695988}"
EndProject
Global
	GlobalSection(SolutionConfigurationPlatforms) = preSolution
		Debug|Any CPU = Debug|Any CPU
		Release|Any CPU = Release|Any CPU
	EndGlobalSection
	GlobalSection(ProjectConfigurationPlatforms) = postSolution
		{3BCBA8B2-88C4-4E18-BE10-F13B5BA7D7F6}.Debug|Any CPU.ActiveCfg = Debug|Any CPU
		{3BCBA8B2-88C4-4E18-BE10-F13B5BA7D7F6}.Debug|Any CPU.Build.0 = Debug|Any CPU
		{3BCBA8B2-88C4-4E18-BE10-F13B5BA7D7F6}.Release|Any CPU.ActiveCfg = Release|Any CPU
		{3BCBA8B2-88C4-4E18-BE10-F13B5BA7D7F6}.Release|Any CPU.Build.0 = Release|Any CPU
		{B05F08C9-0372-426C-A5CE-D1D92F8F948A}.Debug|Any CPU.ActiveCfg = Debug|Any CPU
		{B05F08C9-0372-426C-A5CE-D1D92F8F948A}.Debug|Any CPU.Build.0 = Debug|Any CPU
		{B05F08C9-0372-426C-A5CE-D1D92F8F948A}.Release|Any CPU.ActiveCfg = Release|Any CPU
		{B05F08C9-0372-426C-A5CE-D1D92F8F948A}.Release|Any CPU.Build.0 = Release|Any CPU
		{E256D542-08E8-48CB-B5BE-C9B09F6C3461}.Debug|Any CPU.ActiveCfg = Debug|Any CPU
		{E256D542-08E8-48CB-B5BE-C9B09F6C3461}.Debug|Any CPU.Build.0 = Debug|Any CPU
		{E256D542-08E8-48CB-B5BE-C9B09F6C3461}.Release|Any CPU.ActiveCfg = Release|Any CPU
		{E256D542-08E8-48CB-B5BE-C9B09F6C3461}.Release|Any CPU.Build.0 = Release|Any CPU
		{F339D815-D804-4DA8-8EE7-2EDDE4695988}.Debug|Any CPU.ActiveCfg = Debug|Any CPU
		{F339D815-D804-4DA8-8EE7-2EDDE4695988}.Debug|Any CPU.Build.0 = Debug|Any CPU
		{F339D815-D804-4DA8-8EE7-2EDDE4695988}.Release|Any CPU.ActiveCfg = Release|Any CPU
		{F339D815-D804-4DA8-8EE7-2EDDE4695988}.Release|Any CPU.Build.0 = Release|Any CPU
	EndGlobalSection
	GlobalSection(SolutionProperties) = preSolution
		HideSolutionNode = FALSE
	EndGlobalSection
	GlobalSection(ExtensibilityGlobals) = postSolution
		SolutionGuid = {BDF99D63-45A4-45AC-8909-56A0B15BDDF7}
	EndGlobalSection
EndGlobal
